
Microsoft Visual Studio Solution File, Format Version 12.00
# Visual Studio Version 17
VisualStudioVersion = 17.9.34728.123
MinimumVisualStudioVersion = 10.0.40219.1
Project("{9A19103F-16F7-4668-BE54-9A1E7A4F7556}") = "TAREA 1", "TAREA 1\TAREA 1.csproj", "{14B47E35-C1A3-4C48-A30B-9A8F8AD8B28A}"
EndProject
Project("{FAE04EC0-301F-11D3-BF4B-00C04F79EFBC}") = "TAREALAB_5-6", "TAREALAB_5-6\TAREALAB_5-6.csproj", "{DF3C1B2F-5A35-418F-8967-D37A48FE6CFA}"
EndProject
Global
	GlobalSection(SolutionConfigurationPlatforms) = preSolution
		Debug|Any CPU = Debug|Any CPU
		Release|Any CPU = Release|Any CPU
	EndGlobalSection
	GlobalSection(ProjectConfigurationPlatforms) = postSolution
		{14B47E35-C1A3-4C48-A30B-9A8F8AD8B28A}.Debug|Any CPU.ActiveCfg = Debug|Any CPU
		{14B47E35-C1A3-4C48-A30B-9A8F8AD8B28A}.Debug|Any CPU.Build.0 = Debug|Any CPU
		{14B47E35-C1A3-4C48-A30B-9A8F8AD8B28A}.Release|Any CPU.ActiveCfg = Release|Any CPU
		{14B47E35-C1A3-4C48-A30B-9A8F8AD8B28A}.Release|Any CPU.Build.0 = Release|Any CPU
		{DF3C1B2F-5A35-418F-8967-D37A48FE6CFA}.Debug|Any CPU.ActiveCfg = Debug|Any CPU
		{DF3C1B2F-5A35-418F-8967-D37A48FE6CFA}.Debug|Any CPU.Build.0 = Debug|Any CPU
		{DF3C1B2F-5A35-418F-8967-D37A48FE6CFA}.Release|Any CPU.ActiveCfg = Release|Any CPU
		{DF3C1B2F-5A35-418F-8967-D37A48FE6CFA}.Release|Any CPU.Build.0 = Release|Any CPU
	EndGlobalSection
	GlobalSection(SolutionProperties) = preSolution
		HideSolutionNode = FALSE
	EndGlobalSection
	GlobalSection(ExtensibilityGlobals) = postSolution
		SolutionGuid = {11B9D5B0-E5EA-41EE-A05C-3DE8F7123A8C}
	EndGlobalSection
EndGlobal
